# This file is automatically @generated by Poetry and should not be changed by hand.

[[package]]
name = "beautifulsoup4"
version = "4.11.1"
description = "Screen-scraping library"
category = "main"
optional = false
python-versions = ">=3.6.0"
files = [
    {file = "beautifulsoup4-4.11.1-py3-none-any.whl", hash = "sha256:58d5c3d29f5a36ffeb94f02f0d786cd53014cf9b3b3951d42e0080d8a9498d30"},
    {file = "beautifulsoup4-4.11.1.tar.gz", hash = "sha256:ad9aa55b65ef2808eb405f46cf74df7fcb7044d5cbc26487f96eb2ef2e436693"},
]

[package.dependencies]
soupsieve = ">1.2"

[package.extras]
html5lib = ["html5lib"]
lxml = ["lxml"]

[[package]]
name = "bs4"
version = "0.0.1"
description = "Dummy package for Beautiful Soup"
category = "main"
optional = false
python-versions = "*"
files = [
    {file = "bs4-0.0.1.tar.gz", hash = "sha256:36ecea1fd7cc5c0c6e4a1ff075df26d50da647b75376626cc186e2212886dd3a"},
]

[package.dependencies]
beautifulsoup4 = "*"

[[package]]
name = "certifi"
version = "2022.12.7"
description = "Python package for providing Mozilla's CA Bundle."
category = "main"
optional = false
python-versions = ">=3.6"
files = [
    {file = "certifi-2022.12.7-py3-none-any.whl", hash = "sha256:4ad3232f5e926d6718ec31cfc1fcadfde020920e278684144551c91769c7bc18"},
    {file = "certifi-2022.12.7.tar.gz", hash = "sha256:35824b4c3a97115964b408844d64aa14db1cc518f6562e8d7261699d1350a9e3"},
]

[[package]]
name = "charset-normalizer"
version = "2.1.1"
description = "The Real First Universal Charset Detector. Open, modern and actively maintained alternative to Chardet."
category = "main"
optional = false
python-versions = ">=3.6.0"
files = [
    {file = "charset-normalizer-2.1.1.tar.gz", hash = "sha256:5a3d016c7c547f69d6f81fb0db9449ce888b418b5b9952cc5e6e66843e9dd845"},
    {file = "charset_normalizer-2.1.1-py3-none-any.whl", hash = "sha256:83e9a75d1911279afd89352c68b45348559d1fc0506b054b346651b5e7fee29f"},
]

[package.extras]
unicode-backport = ["unicodedata2"]

[[package]]
name = "decorator"
version = "5.1.1"
description = "Decorators for Humans"
category = "main"
optional = false
python-versions = ">=3.5"
files = [
    {file = "decorator-5.1.1-py3-none-any.whl", hash = "sha256:b8c3f85900b9dc423225913c5aace94729fe1fa9763b38939a95226f02d37186"},
    {file = "decorator-5.1.1.tar.gz", hash = "sha256:637996211036b6385ef91435e4fae22989472f9d571faba8927ba8253acbc330"},
]

[[package]]
name = "idna"
version = "3.4"
description = "Internationalized Domain Names in Applications (IDNA)"
category = "main"
optional = false
python-versions = ">=3.5"
files = [
    {file = "idna-3.4-py3-none-any.whl", hash = "sha256:90b77e79eaa3eba6de819a0c442c0b4ceefc341a7a2ab77d7562bf49f425c5c2"},
    {file = "idna-3.4.tar.gz", hash = "sha256:814f528e8dead7d329833b91c5faa87d60bf71824cd12a7530b5526063d02cb4"},
]

[[package]]
name = "lxml"
version = "4.9.0"
description = "Powerful and Pythonic XML processing library combining libxml2/libxslt with the ElementTree API."
category = "main"
optional = false
python-versions = ">=2.7, !=3.0.*, !=3.1.*, !=3.2.*, !=3.3.*, != 3.4.*"
files = [
    {file = "lxml-4.9.0-cp27-cp27m-macosx_10_15_x86_64.whl", hash = "sha256:b5031d151d6147eac53366d6ec87da84cd4d8c5e80b1d9948a667a7164116e39"},
    {file = "lxml-4.9.0-cp27-cp27m-manylinux_2_5_i686.manylinux1_i686.whl", hash = "sha256:5d52e1173f52020392f593f87a6af2d4055dd800574a5cb0af4ea3878801d307"},
    {file = "lxml-4.9.0-cp27-cp27m-manylinux_2_5_x86_64.manylinux1_x86_64.whl", hash = "sha256:3af00ee88376022589ceeb8170eb67dacf5f7cd625ea59fa0977d719777d4ae8"},
    {file = "lxml-4.9.0-cp27-cp27m-win32.whl", hash = "sha256:1057356b808d149bc14eb8f37bb89129f237df488661c1e0fc0376ca90e1d2c3"},
    {file = "lxml-4.9.0-cp27-cp27m-win_amd64.whl", hash = "sha256:f6d23a01921b741774f35e924d418a43cf03eca1444f3fdfd7978d35a5aaab8b"},
    {file = "lxml-4.9.0-cp27-cp27mu-manylinux_2_5_i686.manylinux1_i686.whl", hash = "sha256:56e19fb6e4b8bd07fb20028d03d3bc67bcc0621347fbde64f248e44839771756"},
    {file = "lxml-4.9.0-cp27-cp27mu-manylinux_2_5_x86_64.manylinux1_x86_64.whl", hash = "sha256:4cd69bca464e892ea4ed544ba6a7850aaff6f8d792f8055a10638db60acbac18"},
    {file = "lxml-4.9.0-cp310-cp310-macosx_10_15_x86_64.whl", hash = "sha256:94b181dd2777890139e49a5336bf3a9a3378ce66132c665fe8db4e8b7683cde2"},
    {file = "lxml-4.9.0-cp310-cp310-manylinux_2_12_i686.manylinux2010_i686.manylinux_2_24_i686.whl", hash = "sha256:607224ffae9a0cf0a2f6e14f5f6bce43e83a6fbdaa647891729c103bdd6a5593"},
    {file = "lxml-4.9.0-cp310-cp310-manylinux_2_17_aarch64.manylinux2014_aarch64.manylinux_2_24_aarch64.whl", hash = "sha256:11d62c97ceff9bab94b6b29c010ea5fb6831743459bb759c917f49ba75601cd0"},
    {file = "lxml-4.9.0-cp310-cp310-manylinux_2_17_x86_64.manylinux2014_x86_64.manylinux_2_24_x86_64.whl", hash = "sha256:70a198030d26f5e569367f0f04509b63256faa76a22886280eea69a4f535dd40"},
    {file = "lxml-4.9.0-cp310-cp310-musllinux_1_1_x86_64.whl", hash = "sha256:3cf816aed8125cfc9e6e5c6c31ff94278320d591bd7970c4a0233bee0d1c8790"},
    {file = "lxml-4.9.0-cp310-cp310-win32.whl", hash = "sha256:65b3b5f12c6fb5611e79157214f3cd533083f9b058bf2fc8a1c5cc5ee40fdc5a"},
    {file = "lxml-4.9.0-cp310-cp310-win_amd64.whl", hash = "sha256:0aa4cce579512c33373ca4c5e23c21e40c1aa1a33533a75e51b654834fd0e4f2"},
    {file = "lxml-4.9.0-cp35-cp35m-manylinux_2_5_i686.manylinux1_i686.whl", hash = "sha256:63419db39df8dc5564f6f103102c4665f7e4d9cb64030e98cf7a74eae5d5760d"},
    {file = "lxml-4.9.0-cp35-cp35m-manylinux_2_5_x86_64.manylinux1_x86_64.whl", hash = "sha256:d8e5021e770b0a3084c30dda5901d5fce6d4474feaf0ced8f8e5a82702502fbb"},
    {file = "lxml-4.9.0-cp35-cp35m-win32.whl", hash = "sha256:f17b9df97c5ecdfb56c5e85b3c9df9831246df698f8581c6e111ac664c7c656e"},
    {file = "lxml-4.9.0-cp35-cp35m-win_amd64.whl", hash = "sha256:75da29a0752c8f2395df0115ac1681cefbdd4418676015be8178b733704cbff2"},
    {file = "lxml-4.9.0-cp36-cp36m-macosx_10_15_x86_64.whl", hash = "sha256:e4d020ecf3740b7312bacab2cb966bb720fd4d3490562d373b4ad91dd1857c0d"},
    {file = "lxml-4.9.0-cp36-cp36m-manylinux_2_12_i686.manylinux2010_i686.manylinux_2_24_i686.whl", hash = "sha256:b71c52d69b91af7d18c13aef1b0cc3baee36b78607c711eb14a52bf3aa7c815e"},
    {file = "lxml-4.9.0-cp36-cp36m-manylinux_2_17_aarch64.manylinux2014_aarch64.whl", hash = "sha256:28cf04a1a38e961d4a764d2940af9b941b66263ed5584392ef875ee9c1e360a3"},
    {file = "lxml-4.9.0-cp36-cp36m-manylinux_2_17_x86_64.manylinux2014_x86_64.manylinux_2_24_x86_64.whl", hash = "sha256:915ecf7d486df17cc65aeefdb680d5ad4390cc8c857cf8db3fe241ed234f856a"},
    {file = "lxml-4.9.0-cp36-cp36m-manylinux_2_5_i686.manylinux1_i686.whl", hash = "sha256:e564d5a771b4015f34166a05ea2165b7e283635c41b1347696117f780084b46d"},
    {file = "lxml-4.9.0-cp36-cp36m-manylinux_2_5_x86_64.manylinux1_x86_64.whl", hash = "sha256:c2a57755e366e0ac7ebdb3e9207f159c3bf1afed02392ab18453ce81f5ee92ee"},
    {file = "lxml-4.9.0-cp36-cp36m-musllinux_1_1_x86_64.whl", hash = "sha256:00f3a6f88fd5f4357844dd91a1abac5f466c6799f1b7f1da2df6665253845b11"},
    {file = "lxml-4.9.0-cp36-cp36m-win32.whl", hash = "sha256:9093a359a86650a3dbd6532c3e4d21a6f58ba2cb60d0e72db0848115d24c10ba"},
    {file = "lxml-4.9.0-cp36-cp36m-win_amd64.whl", hash = "sha256:d1690c4d37674a5f0cdafbc5ed7e360800afcf06928c2a024c779c046891bf09"},
    {file = "lxml-4.9.0-cp37-cp37m-macosx_10_15_x86_64.whl", hash = "sha256:6af7f51a6010748fc1bb71917318d953c9673e4ae3f6d285aaf93ef5b2eb11c1"},
    {file = "lxml-4.9.0-cp37-cp37m-manylinux_2_12_i686.manylinux2010_i686.manylinux_2_24_i686.whl", hash = "sha256:eabdbe04ee0a7e760fa6cd9e799d2b020d098c580ba99107d52e1e5e538b1ecb"},
    {file = "lxml-4.9.0-cp37-cp37m-manylinux_2_17_aarch64.manylinux2014_aarch64.manylinux_2_24_aarch64.whl", hash = "sha256:b1e22f3ee4d75ca261b6bffbf64f6f178cb194b1be3191065a09f8d98828daa9"},
    {file = "lxml-4.9.0-cp37-cp37m-manylinux_2_17_x86_64.manylinux2014_x86_64.manylinux_2_24_x86_64.whl", hash = "sha256:53b0410b220766321759f7f9066da67b1d0d4a7f6636a477984cbb1d98483955"},
    {file = "lxml-4.9.0-cp37-cp37m-manylinux_2_5_i686.manylinux1_i686.whl", hash = "sha256:d76da27f5e3e9bc40eba6ed7a9e985f57547e98cf20521d91215707f2fb57e0f"},
    {file = "lxml-4.9.0-cp37-cp37m-manylinux_2_5_x86_64.manylinux1_x86_64.whl", hash = "sha256:686565ac77ff94a8965c11829af253d9e2ce3bf0d9225b1d2eb5c4d4666d0dca"},
    {file = "lxml-4.9.0-cp37-cp37m-musllinux_1_1_x86_64.whl", hash = "sha256:b62d1431b4c40cda43cc986f19b8c86b1d2ae8918cfc00f4776fdf070b65c0c4"},
    {file = "lxml-4.9.0-cp37-cp37m-win32.whl", hash = "sha256:4becd16750ca5c2a1b1588269322b2cebd10c07738f336c922b658dbab96a61c"},
    {file = "lxml-4.9.0-cp37-cp37m-win_amd64.whl", hash = "sha256:e35a298691b9e10e5a5631f8f0ba605b30ebe19208dc8f58b670462f53753641"},
    {file = "lxml-4.9.0-cp38-cp38-macosx_10_15_x86_64.whl", hash = "sha256:aa7447bf7c1a15ef24e2b86a277b585dd3f055e8890ac7f97374d170187daa97"},
    {file = "lxml-4.9.0-cp38-cp38-manylinux_2_12_i686.manylinux2010_i686.manylinux_2_24_i686.whl", hash = "sha256:612ef8f2795a89ba3a1d4c8c1af84d8453fd53ee611aa5ad460fdd2cab426fc2"},
    {file = "lxml-4.9.0-cp38-cp38-manylinux_2_17_aarch64.manylinux2014_aarch64.manylinux_2_24_aarch64.whl", hash = "sha256:1bfb791a8fcdbf55d1d41b8be940393687bec0e9b12733f0796668086d1a23ff"},
    {file = "lxml-4.9.0-cp38-cp38-manylinux_2_17_x86_64.manylinux2014_x86_64.manylinux_2_24_x86_64.whl", hash = "sha256:024684e0c5cfa121c22140d3a0898a3a9b2ea0f0fd2c229b6658af4bdf1155e5"},
    {file = "lxml-4.9.0-cp38-cp38-manylinux_2_5_i686.manylinux1_i686.whl", hash = "sha256:81c29c8741fa07ecec8ec7417c3d8d1e2f18cf5a10a280f4e1c3f8c3590228b2"},
    {file = "lxml-4.9.0-cp38-cp38-manylinux_2_5_x86_64.manylinux1_x86_64.whl", hash = "sha256:6467626fa74f96f4d80fc6ec2555799e97fff8f36e0bfc7f67769f83e59cff40"},
    {file = "lxml-4.9.0-cp38-cp38-musllinux_1_1_x86_64.whl", hash = "sha256:9cae837b988f44925d14d048fa6a8c54f197c8b1223fd9ee9c27084f84606143"},
    {file = "lxml-4.9.0-cp38-cp38-win32.whl", hash = "sha256:5a49ad78543925e1a4196e20c9c54492afa4f1502c2a563f73097e2044c75190"},
    {file = "lxml-4.9.0-cp38-cp38-win_amd64.whl", hash = "sha256:bb7c1b029e54e26e01b1d1d912fc21abb65650d16ea9a191d026def4ed0859ed"},
    {file = "lxml-4.9.0-cp39-cp39-macosx_10_15_x86_64.whl", hash = "sha256:d0d03b9636f1326772e6854459728676354d4c7731dae9902b180e2065ba3da6"},
    {file = "lxml-4.9.0-cp39-cp39-manylinux_2_12_i686.manylinux2010_i686.manylinux_2_24_i686.whl", hash = "sha256:9af19eb789d674b59a9bee5005779757aab857c40bf9cc313cb01eafac55ce55"},
    {file = "lxml-4.9.0-cp39-cp39-manylinux_2_17_aarch64.manylinux2014_aarch64.manylinux_2_24_aarch64.whl", hash = "sha256:dd00d28d1ab5fa7627f5abc957f29a6338a7395b724571a8cbff8fbed83aaa82"},
    {file = "lxml-4.9.0-cp39-cp39-manylinux_2_17_x86_64.manylinux2014_x86_64.manylinux_2_24_x86_64.whl", hash = "sha256:754a1dd04bff8a509a31146bd8f3a5dc8191a8694d582dd5fb71ff09f0722c22"},
    {file = "lxml-4.9.0-cp39-cp39-manylinux_2_5_i686.manylinux1_i686.whl", hash = "sha256:b7679344f2270840dc5babc9ccbedbc04f7473c1f66d4676bb01680c0db85bcc"},
    {file = "lxml-4.9.0-cp39-cp39-manylinux_2_5_x86_64.manylinux1_x86_64.whl", hash = "sha256:d882c2f3345261e898b9f604be76b61c901fbfa4ac32e3f51d5dc1edc89da3cb"},
    {file = "lxml-4.9.0-cp39-cp39-musllinux_1_1_x86_64.whl", hash = "sha256:4e97c8fc761ad63909198acc892f34c20f37f3baa2c50a62d5ec5d7f1efc68a1"},
    {file = "lxml-4.9.0-cp39-cp39-win32.whl", hash = "sha256:cf9ec915857d260511399ab87e1e70fa13d6b2972258f8e620a3959468edfc32"},
    {file = "lxml-4.9.0-cp39-cp39-win_amd64.whl", hash = "sha256:1254a79f8a67a3908de725caf59eae62d86738f6387b0a34b32e02abd6ae73db"},
    {file = "lxml-4.9.0-pp37-pypy37_pp73-macosx_10_15_x86_64.whl", hash = "sha256:03370ec37fe562238d385e2c53089076dee53aabf8325cab964fdb04a9130fa0"},
    {file = "lxml-4.9.0-pp37-pypy37_pp73-manylinux_2_12_i686.manylinux2010_i686.manylinux_2_24_i686.whl", hash = "sha256:f386def57742aacc3d864169dfce644a8c396f95aa35b41b69df53f558d56dd0"},
    {file = "lxml-4.9.0-pp37-pypy37_pp73-manylinux_2_17_x86_64.manylinux2014_x86_64.manylinux_2_24_x86_64.whl", hash = "sha256:ea3f2e9eb41f973f73619e88bf7bd950b16b4c2ce73d15f24a11800ce1eaf276"},
    {file = "lxml-4.9.0-pp38-pypy38_pp73-macosx_10_15_x86_64.whl", hash = "sha256:2d10659e6e5c53298e6d718fd126e793285bff904bb71d7239a17218f6a197b7"},
    {file = "lxml-4.9.0-pp38-pypy38_pp73-manylinux_2_12_i686.manylinux2010_i686.manylinux_2_24_i686.whl", hash = "sha256:fcdf70191f0d1761d190a436db06a46f05af60e1410e1507935f0332280c9268"},
    {file = "lxml-4.9.0-pp38-pypy38_pp73-manylinux_2_17_x86_64.manylinux2014_x86_64.manylinux_2_24_x86_64.whl", hash = "sha256:2b9c2341d96926b0d0e132e5c49ef85eb53fa92ae1c3a70f9072f3db0d32bc07"},
    {file = "lxml-4.9.0-pp39-pypy39_pp73-manylinux_2_12_i686.manylinux2010_i686.manylinux_2_24_i686.whl", hash = "sha256:615886ee84b6f42f1bdf1852a9669b5fe3b96b6ff27f1a7a330b67ad9911200a"},
    {file = "lxml-4.9.0-pp39-pypy39_pp73-manylinux_2_17_x86_64.manylinux2014_x86_64.manylinux_2_24_x86_64.whl", hash = "sha256:94f2e45b054dd759bed137b6e14ae8625495f7d90ddd23cf62c7a68f72b62656"},
    {file = "lxml-4.9.0.tar.gz", hash = "sha256:520461c36727268a989790aef08884347cd41f2d8ae855489ccf40b50321d8d7"},
]

[package.extras]
cssselect = ["cssselect (>=0.7)"]
html5 = ["html5lib"]
htmlsoup = ["BeautifulSoup4"]
source = ["Cython (>=0.29.7)"]

[[package]]
name = "pillow"
version = "9.3.0"
description = "Python Imaging Library (Fork)"
category = "main"
optional = false
python-versions = ">=3.7"
files = [
    {file = "Pillow-9.3.0-1-cp37-cp37m-win32.whl", hash = "sha256:e6ea6b856a74d560d9326c0f5895ef8050126acfdc7ca08ad703eb0081e82b74"},
    {file = "Pillow-9.3.0-1-cp37-cp37m-win_amd64.whl", hash = "sha256:32a44128c4bdca7f31de5be641187367fe2a450ad83b833ef78910397db491aa"},
    {file = "Pillow-9.3.0-cp310-cp310-macosx_10_10_x86_64.whl", hash = "sha256:0b7257127d646ff8676ec8a15520013a698d1fdc48bc2a79ba4e53df792526f2"},
    {file = "Pillow-9.3.0-cp310-cp310-macosx_11_0_arm64.whl", hash = "sha256:b90f7616ea170e92820775ed47e136208e04c967271c9ef615b6fbd08d9af0e3"},
    {file = "Pillow-9.3.0-cp310-cp310-manylinux_2_17_aarch64.manylinux2014_aarch64.whl", hash = "sha256:68943d632f1f9e3dce98908e873b3a090f6cba1cbb1b892a9e8d97c938871fbe"},
    {file = "Pillow-9.3.0-cp310-cp310-manylinux_2_17_i686.manylinux2014_i686.whl", hash = "sha256:be55f8457cd1eac957af0c3f5ece7bc3f033f89b114ef30f710882717670b2a8"},
    {file = "Pillow-9.3.0-cp310-cp310-manylinux_2_17_x86_64.manylinux2014_x86_64.whl", hash = "sha256:5d77adcd56a42d00cc1be30843d3426aa4e660cab4a61021dc84467123f7a00c"},
    {file = "Pillow-9.3.0-cp310-cp310-manylinux_2_28_aarch64.whl", hash = "sha256:829f97c8e258593b9daa80638aee3789b7df9da5cf1336035016d76f03b8860c"},
    {file = "Pillow-9.3.0-cp310-cp310-manylinux_2_28_x86_64.whl", hash = "sha256:801ec82e4188e935c7f5e22e006d01611d6b41661bba9fe45b60e7ac1a8f84de"},
    {file = "Pillow-9.3.0-cp310-cp310-musllinux_1_1_x86_64.whl", hash = "sha256:871b72c3643e516db4ecf20efe735deb27fe30ca17800e661d769faab45a18d7"},
    {file = "Pillow-9.3.0-cp310-cp310-win32.whl", hash = "sha256:655a83b0058ba47c7c52e4e2df5ecf484c1b0b0349805896dd350cbc416bdd91"},
    {file = "Pillow-9.3.0-cp310-cp310-win_amd64.whl", hash = "sha256:9f47eabcd2ded7698106b05c2c338672d16a6f2a485e74481f524e2a23c2794b"},
    {file = "Pillow-9.3.0-cp311-cp311-macosx_10_10_x86_64.whl", hash = "sha256:57751894f6618fd4308ed8e0c36c333e2f5469744c34729a27532b3db106ee20"},
    {file = "Pillow-9.3.0-cp311-cp311-macosx_11_0_arm64.whl", hash = "sha256:7db8b751ad307d7cf238f02101e8e36a128a6cb199326e867d1398067381bff4"},
    {file = "Pillow-9.3.0-cp311-cp311-manylinux_2_17_aarch64.manylinux2014_aarch64.whl", hash = "sha256:3033fbe1feb1b59394615a1cafaee85e49d01b51d54de0cbf6aa8e64182518a1"},
    {file = "Pillow-9.3.0-cp311-cp311-manylinux_2_17_i686.manylinux2014_i686.whl", hash = "sha256:22b012ea2d065fd163ca096f4e37e47cd8b59cf4b0fd47bfca6abb93df70b34c"},
    {file = "Pillow-9.3.0-cp311-cp311-manylinux_2_17_x86_64.manylinux2014_x86_64.whl", hash = "sha256:b9a65733d103311331875c1dca05cb4606997fd33d6acfed695b1232ba1df193"},
    {file = "Pillow-9.3.0-cp311-cp311-manylinux_2_28_aarch64.whl", hash = "sha256:502526a2cbfa431d9fc2a079bdd9061a2397b842bb6bc4239bb176da00993812"},
    {file = "Pillow-9.3.0-cp311-cp311-manylinux_2_28_x86_64.whl", hash = "sha256:90fb88843d3902fe7c9586d439d1e8c05258f41da473952aa8b328d8b907498c"},
    {file = "Pillow-9.3.0-cp311-cp311-musllinux_1_1_x86_64.whl", hash = "sha256:89dca0ce00a2b49024df6325925555d406b14aa3efc2f752dbb5940c52c56b11"},
    {file = "Pillow-9.3.0-cp311-cp311-win32.whl", hash = "sha256:3168434d303babf495d4ba58fc22d6604f6e2afb97adc6a423e917dab828939c"},
    {file = "Pillow-9.3.0-cp311-cp311-win_amd64.whl", hash = "sha256:18498994b29e1cf86d505edcb7edbe814d133d2232d256db8c7a8ceb34d18cef"},
    {file = "Pillow-9.3.0-cp37-cp37m-macosx_10_10_x86_64.whl", hash = "sha256:772a91fc0e03eaf922c63badeca75e91baa80fe2f5f87bdaed4280662aad25c9"},
    {file = "Pillow-9.3.0-cp37-cp37m-manylinux_2_17_aarch64.manylinux2014_aarch64.whl", hash = "sha256:afa4107d1b306cdf8953edde0534562607fe8811b6c4d9a486298ad31de733b2"},
    {file = "Pillow-9.3.0-cp37-cp37m-manylinux_2_17_i686.manylinux2014_i686.whl", hash = "sha256:b4012d06c846dc2b80651b120e2cdd787b013deb39c09f407727ba90015c684f"},
    {file = "Pillow-9.3.0-cp37-cp37m-manylinux_2_17_x86_64.manylinux2014_x86_64.whl", hash = "sha256:77ec3e7be99629898c9a6d24a09de089fa5356ee408cdffffe62d67bb75fdd72"},
    {file = "Pillow-9.3.0-cp37-cp37m-manylinux_2_28_aarch64.whl", hash = "sha256:6c738585d7a9961d8c2821a1eb3dcb978d14e238be3d70f0a706f7fa9316946b"},
    {file = "Pillow-9.3.0-cp37-cp37m-manylinux_2_28_x86_64.whl", hash = "sha256:828989c45c245518065a110434246c44a56a8b2b2f6347d1409c787e6e4651ee"},
    {file = "Pillow-9.3.0-cp37-cp37m-win32.whl", hash = "sha256:82409ffe29d70fd733ff3c1025a602abb3e67405d41b9403b00b01debc4c9a29"},
    {file = "Pillow-9.3.0-cp37-cp37m-win_amd64.whl", hash = "sha256:41e0051336807468be450d52b8edd12ac60bebaa97fe10c8b660f116e50b30e4"},
    {file = "Pillow-9.3.0-cp38-cp38-macosx_10_10_x86_64.whl", hash = "sha256:b03ae6f1a1878233ac620c98f3459f79fd77c7e3c2b20d460284e1fb370557d4"},
    {file = "Pillow-9.3.0-cp38-cp38-macosx_11_0_arm64.whl", hash = "sha256:4390e9ce199fc1951fcfa65795f239a8a4944117b5935a9317fb320e7767b40f"},
    {file = "Pillow-9.3.0-cp38-cp38-manylinux_2_17_aarch64.manylinux2014_aarch64.whl", hash = "sha256:40e1ce476a7804b0fb74bcfa80b0a2206ea6a882938eaba917f7a0f004b42502"},
    {file = "Pillow-9.3.0-cp38-cp38-manylinux_2_17_i686.manylinux2014_i686.whl", hash = "sha256:a0a06a052c5f37b4ed81c613a455a81f9a3a69429b4fd7bb913c3fa98abefc20"},
    {file = "Pillow-9.3.0-cp38-cp38-manylinux_2_17_x86_64.manylinux2014_x86_64.whl", hash = "sha256:03150abd92771742d4a8cd6f2fa6246d847dcd2e332a18d0c15cc75bf6703040"},
    {file = "Pillow-9.3.0-cp38-cp38-manylinux_2_28_aarch64.whl", hash = "sha256:15c42fb9dea42465dfd902fb0ecf584b8848ceb28b41ee2b58f866411be33f07"},
    {file = "Pillow-9.3.0-cp38-cp38-manylinux_2_28_x86_64.whl", hash = "sha256:51e0e543a33ed92db9f5ef69a0356e0b1a7a6b6a71b80df99f1d181ae5875636"},
    {file = "Pillow-9.3.0-cp38-cp38-musllinux_1_1_x86_64.whl", hash = "sha256:3dd6caf940756101205dffc5367babf288a30043d35f80936f9bfb37f8355b32"},
    {file = "Pillow-9.3.0-cp38-cp38-win32.whl", hash = "sha256:f1ff2ee69f10f13a9596480335f406dd1f70c3650349e2be67ca3139280cade0"},
    {file = "Pillow-9.3.0-cp38-cp38-win_amd64.whl", hash = "sha256:276a5ca930c913f714e372b2591a22c4bd3b81a418c0f6635ba832daec1cbcfc"},
    {file = "Pillow-9.3.0-cp39-cp39-macosx_10_10_x86_64.whl", hash = "sha256:73bd195e43f3fadecfc50c682f5055ec32ee2c933243cafbfdec69ab1aa87cad"},
    {file = "Pillow-9.3.0-cp39-cp39-macosx_11_0_arm64.whl", hash = "sha256:1c7c8ae3864846fc95f4611c78129301e203aaa2af813b703c55d10cc1628535"},
    {file = "Pillow-9.3.0-cp39-cp39-manylinux_2_17_aarch64.manylinux2014_aarch64.whl", hash = "sha256:2e0918e03aa0c72ea56edbb00d4d664294815aa11291a11504a377ea018330d3"},
    {file = "Pillow-9.3.0-cp39-cp39-manylinux_2_17_i686.manylinux2014_i686.whl", hash = "sha256:b0915e734b33a474d76c28e07292f196cdf2a590a0d25bcc06e64e545f2d146c"},
    {file = "Pillow-9.3.0-cp39-cp39-manylinux_2_17_x86_64.manylinux2014_x86_64.whl", hash = "sha256:af0372acb5d3598f36ec0914deed2a63f6bcdb7b606da04dc19a88d31bf0c05b"},
    {file = "Pillow-9.3.0-cp39-cp39-manylinux_2_28_aarch64.whl", hash = "sha256:ad58d27a5b0262c0c19b47d54c5802db9b34d38bbf886665b626aff83c74bacd"},
    {file = "Pillow-9.3.0-cp39-cp39-manylinux_2_28_x86_64.whl", hash = "sha256:97aabc5c50312afa5e0a2b07c17d4ac5e865b250986f8afe2b02d772567a380c"},
    {file = "Pillow-9.3.0-cp39-cp39-musllinux_1_1_x86_64.whl", hash = "sha256:9aaa107275d8527e9d6e7670b64aabaaa36e5b6bd71a1015ddd21da0d4e06448"},
    {file = "Pillow-9.3.0-cp39-cp39-win32.whl", hash = "sha256:bac18ab8d2d1e6b4ce25e3424f709aceef668347db8637c2296bcf41acb7cf48"},
    {file = "Pillow-9.3.0-cp39-cp39-win_amd64.whl", hash = "sha256:b472b5ea442148d1c3e2209f20f1e0bb0eb556538690fa70b5e1f79fa0ba8dc2"},
    {file = "Pillow-9.3.0-pp37-pypy37_pp73-macosx_10_10_x86_64.whl", hash = "sha256:ab388aaa3f6ce52ac1cb8e122c4bd46657c15905904b3120a6248b5b8b0bc228"},
    {file = "Pillow-9.3.0-pp37-pypy37_pp73-manylinux_2_17_i686.manylinux2014_i686.whl", hash = "sha256:dbb8e7f2abee51cef77673be97760abff1674ed32847ce04b4af90f610144c7b"},
    {file = "Pillow-9.3.0-pp37-pypy37_pp73-manylinux_2_17_x86_64.manylinux2014_x86_64.whl", hash = "sha256:bca31dd6014cb8b0b2db1e46081b0ca7d936f856da3b39744aef499db5d84d02"},
    {file = "Pillow-9.3.0-pp37-pypy37_pp73-manylinux_2_28_x86_64.whl", hash = "sha256:c7025dce65566eb6e89f56c9509d4f628fddcedb131d9465cacd3d8bac337e7e"},
    {file = "Pillow-9.3.0-pp37-pypy37_pp73-win_amd64.whl", hash = "sha256:ebf2029c1f464c59b8bdbe5143c79fa2045a581ac53679733d3a91d400ff9efb"},
    {file = "Pillow-9.3.0-pp38-pypy38_pp73-macosx_10_10_x86_64.whl", hash = "sha256:b59430236b8e58840a0dfb4099a0e8717ffb779c952426a69ae435ca1f57210c"},
    {file = "Pillow-9.3.0-pp38-pypy38_pp73-manylinux_2_17_i686.manylinux2014_i686.whl", hash = "sha256:12ce4932caf2ddf3e41d17fc9c02d67126935a44b86df6a206cf0d7161548627"},
    {file = "Pillow-9.3.0-pp38-pypy38_pp73-manylinux_2_17_x86_64.manylinux2014_x86_64.whl", hash = "sha256:ae5331c23ce118c53b172fa64a4c037eb83c9165aba3a7ba9ddd3ec9fa64a699"},
    {file = "Pillow-9.3.0-pp38-pypy38_pp73-manylinux_2_28_x86_64.whl", hash = "sha256:0b07fffc13f474264c336298d1b4ce01d9c5a011415b79d4ee5527bb69ae6f65"},
    {file = "Pillow-9.3.0-pp38-pypy38_pp73-win_amd64.whl", hash = "sha256:073adb2ae23431d3b9bcbcff3fe698b62ed47211d0716b067385538a1b0f28b8"},
    {file = "Pillow-9.3.0.tar.gz", hash = "sha256:c935a22a557a560108d780f9a0fc426dd7459940dc54faa49d83249c8d3e760f"},
]

[package.extras]
docs = ["furo", "olefile", "sphinx (>=2.4)", "sphinx-copybutton", "sphinx-issues (>=3.0.1)", "sphinx-removed-in", "sphinxext-opengraph"]
tests = ["check-manifest", "coverage", "defusedxml", "markdown2", "olefile", "packaging", "pyroma", "pytest", "pytest-cov", "pytest-timeout"]

[[package]]
name = "requests"
version = "2.28.1"
description = "Python HTTP for Humans."
category = "main"
optional = false
python-versions = ">=3.7, <4"
files = [
    {file = "requests-2.28.1-py3-none-any.whl", hash = "sha256:8fefa2a1a1365bf5520aac41836fbee479da67864514bdb821f31ce07ce65349"},
    {file = "requests-2.28.1.tar.gz", hash = "sha256:7c5599b102feddaa661c826c56ab4fee28bfd17f5abca1ebbe3e7f19d7c97983"},
]

[package.dependencies]
certifi = ">=2017.4.17"
charset-normalizer = ">=2,<3"
idna = ">=2.5,<4"
urllib3 = ">=1.21.1,<1.27"

[package.extras]
socks = ["PySocks (>=1.5.6,!=1.5.7)"]
use-chardet-on-py3 = ["chardet (>=3.0.2,<6)"]

[[package]]
name = "soupsieve"
version = "2.3.2.post1"
description = "A modern CSS selector implementation for Beautiful Soup."
category = "main"
optional = false
python-versions = ">=3.6"
files = [
    {file = "soupsieve-2.3.2.post1-py3-none-any.whl", hash = "sha256:3b2503d3c7084a42b1ebd08116e5f81aadfaea95863628c80a3b774a11b7c759"},
    {file = "soupsieve-2.3.2.post1.tar.gz", hash = "sha256:fc53893b3da2c33de295667a0e19f078c14bf86544af307354de5fcf12a3f30d"},
]

[[package]]
name = "urllib3"
version = "1.26.13"
description = "HTTP library with thread-safe connection pooling, file post, and more."
category = "main"
optional = false
python-versions = ">=2.7, !=3.0.*, !=3.1.*, !=3.2.*, !=3.3.*, !=3.4.*, !=3.5.*"
files = [
    {file = "urllib3-1.26.13-py2.py3-none-any.whl", hash = "sha256:47cc05d99aaa09c9e72ed5809b60e7ba354e64b59c9c173ac3018642d8bb41fc"},
    {file = "urllib3-1.26.13.tar.gz", hash = "sha256:c083dd0dce68dbfbe1129d5271cb90f9447dea7d52097c6e0126120c521ddea8"},
]

[package.extras]
brotli = ["brotli (>=1.0.9)", "brotlicffi (>=0.8.0)", "brotlipy (>=0.6.0)"]
secure = ["certifi", "cryptography (>=1.3.4)", "idna (>=2.0.0)", "ipaddress", "pyOpenSSL (>=0.14)", "urllib3-secure-extra"]
socks = ["PySocks (>=1.5.6,!=1.5.7,<2.0)"]

[[package]]
name = "validators"
version = "0.20.0"
description = "Python Data Validation for Humans™."
category = "main"
optional = false
python-versions = ">=3.4"
files = [
    {file = "validators-0.20.0.tar.gz", hash = "sha256:24148ce4e64100a2d5e267233e23e7afeb55316b47d30faae7eb6e7292bc226a"},
]

[package.dependencies]
decorator = ">=3.4.0"

[package.extras]
test = ["flake8 (>=2.4.0)", "isort (>=4.2.2)", "pytest (>=2.2.3)"]

[metadata]
lock-version = "2.0"
python-versions = "^3.11"
content-hash = "80f89c2b8264faa59cbe91ee664f40e4b396772a0740ece00c8e279f62e678e1"
